
Microsoft Visual Studio Solution File, Format Version 12.00
# Visual Studio Version 17
VisualStudioVersion = 17.8.34330.188
MinimumVisualStudioVersion = 10.0.40219.1
Project("{FAE04EC0-301F-11D3-BF4B-00C04F79EFBC}") = "DataStrukturer och Algoritmer Laboration 1", "DataStrukturer och Algoritmer Laboration 1\DataStrukturer och Algoritmer Laboration 1.csproj", "{B0B9888F-92AB-4426-BFBE-17A3CDA7F741}"
EndProject
Global
	GlobalSection(SolutionConfigurationPlatforms) = preSolution
		Debug|Any CPU = Debug|Any CPU
		Release|Any CPU = Release|Any CPU
	EndGlobalSection
	GlobalSection(ProjectConfigurationPlatforms) = postSolution
		{B0B9888F-92AB-4426-BFBE-17A3CDA7F741}.Debug|Any CPU.ActiveCfg = Debug|Any CPU
		{B0B9888F-92AB-4426-BFBE-17A3CDA7F741}.Debug|Any CPU.Build.0 = Debug|Any CPU
		{B0B9888F-92AB-4426-BFBE-17A3CDA7F741}.Release|Any CPU.ActiveCfg = Release|Any CPU
		{B0B9888F-92AB-4426-BFBE-17A3CDA7F741}.Release|Any CPU.Build.0 = Release|Any CPU
	EndGlobalSection
	GlobalSection(SolutionProperties) = preSolution
		HideSolutionNode = FALSE
	EndGlobalSection
	GlobalSection(ExtensibilityGlobals) = postSolution
		SolutionGuid = {D6AF2CD0-D9CD-498F-9D3B-5397E9FBC73D}
	EndGlobalSection
EndGlobal
