
Microsoft Visual Studio Solution File, Format Version 12.00
# Visual Studio Version 17
VisualStudioVersion = 17.8.34330.188
MinimumVisualStudioVersion = 10.0.40219.1
Project("{FAE04EC0-301F-11D3-BF4B-00C04F79EFBC}") = "Datastrukturer & Algoritmer Lab 1", "Datastrukturer & Algoritmer Lab 1\Datastrukturer & Algoritmer Lab 1.csproj", "{C8470EC7-485F-417C-B3D0-AD4849684118}"
EndProject
Global
	GlobalSection(SolutionConfigurationPlatforms) = preSolution
		Debug|Any CPU = Debug|Any CPU
		Release|Any CPU = Release|Any CPU
	EndGlobalSection
	GlobalSection(ProjectConfigurationPlatforms) = postSolution
		{C8470EC7-485F-417C-B3D0-AD4849684118}.Debug|Any CPU.ActiveCfg = Debug|Any CPU
		{C8470EC7-485F-417C-B3D0-AD4849684118}.Debug|Any CPU.Build.0 = Debug|Any CPU
		{C8470EC7-485F-417C-B3D0-AD4849684118}.Release|Any CPU.ActiveCfg = Release|Any CPU
		{C8470EC7-485F-417C-B3D0-AD4849684118}.Release|Any CPU.Build.0 = Release|Any CPU
	EndGlobalSection
	GlobalSection(SolutionProperties) = preSolution
		HideSolutionNode = FALSE
	EndGlobalSection
	GlobalSection(ExtensibilityGlobals) = postSolution
		SolutionGuid = {D6AF2CD0-D9CD-498F-9D3B-5397E9FBC73D}
	EndGlobalSection
EndGlobal
